<?xml version="1.0" encoding="UTF-8"?>
<!DOCTYPE plist PUBLIC "-//Apple//DTD PLIST 1.0//EN" "http://www.apple.com/DTDs/PropertyList-1.0.dtd">
<plist version="1.0">
<dict>
	<key>archiveVersion</key>
	<string>1</string>
	<key>classes</key>
	<dict/>
	<key>objectVersion</key>
	<string>46</string>
	<key>objects</key>
	<dict>
		<key>A20C395D1C9598F900FD98FD</key>
		<dict>
			<key>children</key>
			<array>
				<string>A2DFCCAA1CAA541100CFD814</string>
				<string>A20C39681C9598F900FD98FD</string>
				<string>A20C397D1C9598FA00FD98FD</string>
				<string>A20C39881C9598FA00FD98FD</string>
				<string>A20C39671C9598F900FD98FD</string>
			</array>
			<key>isa</key>
			<string>PBXGroup</string>
			<key>sourceTree</key>
			<string>&lt;group&gt;</string>
		</dict>
		<key>A20C395E1C9598F900FD98FD</key>
		<dict>
			<key>attributes</key>
			<dict>
				<key>LastSwiftUpdateCheck</key>
				<string>0730</string>
				<key>LastUpgradeCheck</key>
				<string>0720</string>
				<key>ORGANIZATIONNAME</key>
				<string>Shuhei Kawaguchi</string>
				<key>TargetAttributes</key>
				<dict>
					<key>A20C39651C9598F900FD98FD</key>
					<dict>
						<key>CreatedOnToolsVersion</key>
						<string>7.2.1</string>
					</dict>
					<key>A20C39791C9598FA00FD98FD</key>
					<dict>
						<key>CreatedOnToolsVersion</key>
						<string>7.2.1</string>
						<key>TestTargetID</key>
						<string>A20C39651C9598F900FD98FD</string>
					</dict>
					<key>A20C39841C9598FA00FD98FD</key>
					<dict>
						<key>CreatedOnToolsVersion</key>
						<string>7.2.1</string>
						<key>TestTargetID</key>
						<string>A20C39651C9598F900FD98FD</string>
					</dict>
				</dict>
			</dict>
			<key>buildConfigurationList</key>
			<string>A20C39611C9598F900FD98FD</string>
			<key>compatibilityVersion</key>
			<string>Xcode 3.2</string>
			<key>developmentRegion</key>
			<string>English</string>
			<key>hasScannedForEncodings</key>
			<string>0</string>
			<key>isa</key>
			<string>PBXProject</string>
			<key>knownRegions</key>
			<array>
				<string>en</string>
				<string>Base</string>
			</array>
			<key>mainGroup</key>
			<string>A20C395D1C9598F900FD98FD</string>
			<key>productRefGroup</key>
			<string>A20C39671C9598F900FD98FD</string>
			<key>projectDirPath</key>
			<string></string>
			<key>projectReferences</key>
			<array/>
			<key>projectRoot</key>
			<string></string>
			<key>targets</key>
			<array>
				<string>A20C39651C9598F900FD98FD</string>
				<string>A20C39791C9598FA00FD98FD</string>
				<string>A20C39841C9598FA00FD98FD</string>
			</array>
		</dict>
		<key>A20C39611C9598F900FD98FD</key>
		<dict>
			<key>buildConfigurations</key>
			<array>
				<string>A20C398C1C9598FA00FD98FD</string>
				<string>A20C398D1C9598FA00FD98FD</string>
			</array>
			<key>defaultConfigurationIsVisible</key>
			<string>0</string>
			<key>defaultConfigurationName</key>
			<string>Release</string>
			<key>isa</key>
			<string>XCConfigurationList</string>
		</dict>
		<key>A20C39621C9598F900FD98FD</key>
		<dict>
			<key>buildActionMask</key>
			<string>2147483647</string>
			<key>files</key>
			<array>
				<string>A20C396C1C9598F900FD98FD</string>
				<string>A2115EAF1CAFC7F0009B89A1</string>
				<string>A2DFCCB91CAA5E5D00CFD814</string>
				<string>A2DFCCAC1CAA550200CFD814</string>
				<string>A2DFCCB41CAA5B0A00CFD814</string>
				<string>A2DFCCBC1CAB71D100CFD814</string>
				<string>A2DFCCA71CAA537000CFD814</string>
				<string>A20C396A1C9598F900FD98FD</string>
				<string>A2DFCCB71CAA5B8200CFD814</string>
				<string>A2115EAD1CAFC46C009B89A1</string>
			</array>
			<key>isa</key>
			<string>PBXSourcesBuildPhase</string>
			<key>runOnlyForDeploymentPostprocessing</key>
			<string>0</string>
		</dict>
		<key>A20C39631C9598F900FD98FD</key>
		<dict>
			<key>buildActionMask</key>
			<string>2147483647</string>
			<key>files</key>
			<array>
				<string>A2115EB11CAFDF06009B89A1</string>
				<string>A2DFCCB01CAA599000CFD814</string>
				<string>A2DFCCB11CAA599000CFD814</string>
				<string>A2DFCCB21CAA599000CFD814</string>
				<string>A20C399C1C959C5500FD98FD</string>
				<string>A20C399D1C959C5500FD98FD</string>
				<string>A20C399E1C959C5500FD98FD</string>
			</array>
			<key>isa</key>
			<string>PBXFrameworksBuildPhase</string>
			<key>runOnlyForDeploymentPostprocessing</key>
			<string>0</string>
		</dict>
		<key>A20C39641C9598F900FD98FD</key>
		<dict>
			<key>buildActionMask</key>
			<string>2147483647</string>
			<key>files</key>
			<array>
				<string>A20C39741C9598FA00FD98FD</string>
				<string>A20C39711C9598FA00FD98FD</string>
				<string>A20C396F1C9598FA00FD98FD</string>
			</array>
			<key>isa</key>
			<string>PBXResourcesBuildPhase</string>
			<key>runOnlyForDeploymentPostprocessing</key>
			<string>0</string>
		</dict>
		<key>A20C39651C9598F900FD98FD</key>
		<dict>
			<key>buildConfigurationList</key>
			<string>A20C398E1C9598FA00FD98FD</string>
			<key>buildPhases</key>
			<array>
				<string>A20C39621C9598F900FD98FD</string>
				<string>A20C39631C9598F900FD98FD</string>
				<string>A20C39641C9598F900FD98FD</string>
				<string>A20C39A01C959CFB00FD98FD</string>
			</array>
			<key>buildRules</key>
			<array/>
			<key>dependencies</key>
			<array/>
			<key>isa</key>
			<string>PBXNativeTarget</string>
			<key>name</key>
			<string>RxSwiftDemo</string>
			<key>productName</key>
			<string>RxSwiftDemo</string>
			<key>productReference</key>
			<string>A20C39661C9598F900FD98FD</string>
			<key>productType</key>
			<string>com.apple.product-type.application</string>
		</dict>
		<key>A20C39661C9598F900FD98FD</key>
		<dict>
			<key>explicitFileType</key>
			<string>wrapper.application</string>
			<key>includeInIndex</key>
			<string>0</string>
			<key>isa</key>
			<string>PBXFileReference</string>
			<key>path</key>
			<string>RxSwiftDemo.app</string>
			<key>sourceTree</key>
			<string>BUILT_PRODUCTS_DIR</string>
		</dict>
		<key>A20C39671C9598F900FD98FD</key>
		<dict>
			<key>children</key>
			<array>
				<string>A20C39661C9598F900FD98FD</string>
				<string>A20C397A1C9598FA00FD98FD</string>
				<string>A20C39851C9598FA00FD98FD</string>
			</array>
			<key>isa</key>
			<string>PBXGroup</string>
			<key>name</key>
			<string>Products</string>
			<key>sourceTree</key>
			<string>&lt;group&gt;</string>
		</dict>
		<key>A20C39681C9598F900FD98FD</key>
		<dict>
			<key>children</key>
			<array>
				<string>A2DFCCB51CAA5B1200CFD814</string>
				<string>A2DFCCA91CAA53F900CFD814</string>
				<string>A2DFCCBA1CAA5E6000CFD814</string>
				<string>A2DFCCA81CAA53E800CFD814</string>
				<string>A20C39691C9598F900FD98FD</string>
				<string>A28A302F1CB0C39D00C8E1B0</string>
				<string>A2115EB21CAFDF67009B89A1</string>
				<string>A20C396D1C9598FA00FD98FD</string>
				<string>A20C39701C9598FA00FD98FD</string>
				<string>A20C39721C9598FA00FD98FD</string>
				<string>A20C39751C9598FA00FD98FD</string>
			</array>
			<key>isa</key>
			<string>PBXGroup</string>
			<key>path</key>
			<string>RxSwiftDemo</string>
			<key>sourceTree</key>
			<string>&lt;group&gt;</string>
		</dict>
		<key>A20C39691C9598F900FD98FD</key>
		<dict>
			<key>isa</key>
			<string>PBXFileReference</string>
			<key>lastKnownFileType</key>
			<string>sourcecode.swift</string>
			<key>path</key>
			<string>AppDelegate.swift</string>
			<key>sourceTree</key>
			<string>&lt;group&gt;</string>
		</dict>
		<key>A20C396A1C9598F900FD98FD</key>
		<dict>
			<key>fileRef</key>
			<string>A20C39691C9598F900FD98FD</string>
			<key>isa</key>
			<string>PBXBuildFile</string>
		</dict>
		<key>A20C396B1C9598F900FD98FD</key>
		<dict>
			<key>isa</key>
			<string>PBXFileReference</string>
			<key>lastKnownFileType</key>
			<string>sourcecode.swift</string>
			<key>path</key>
			<string>SearchViewController.swift</string>
			<key>sourceTree</key>
			<string>&lt;group&gt;</string>
		</dict>
		<key>A20C396C1C9598F900FD98FD</key>
		<dict>
			<key>fileRef</key>
			<string>A20C396B1C9598F900FD98FD</string>
			<key>isa</key>
			<string>PBXBuildFile</string>
		</dict>
		<key>A20C396D1C9598FA00FD98FD</key>
		<dict>
			<key>children</key>
			<array>
				<string>A20C396E1C9598FA00FD98FD</string>
			</array>
			<key>isa</key>
			<string>PBXVariantGroup</string>
			<key>name</key>
			<string>Main.storyboard</string>
			<key>path</key>
			<string>.</string>
			<key>sourceTree</key>
			<string>&lt;group&gt;</string>
		</dict>
		<key>A20C396E1C9598FA00FD98FD</key>
		<dict>
			<key>isa</key>
			<string>PBXFileReference</string>
			<key>lastKnownFileType</key>
			<string>file.storyboard</string>
			<key>name</key>
			<string>Base</string>
			<key>path</key>
			<string>Base.lproj/Main.storyboard</string>
			<key>sourceTree</key>
			<string>&lt;group&gt;</string>
		</dict>
		<key>A20C396F1C9598FA00FD98FD</key>
		<dict>
			<key>fileRef</key>
			<string>A20C396D1C9598FA00FD98FD</string>
			<key>isa</key>
			<string>PBXBuildFile</string>
		</dict>
		<key>A20C39701C9598FA00FD98FD</key>
		<dict>
			<key>isa</key>
			<string>PBXFileReference</string>
			<key>lastKnownFileType</key>
			<string>folder.assetcatalog</string>
			<key>path</key>
			<string>Assets.xcassets</string>
			<key>sourceTree</key>
			<string>&lt;group&gt;</string>
		</dict>
		<key>A20C39711C9598FA00FD98FD</key>
		<dict>
			<key>fileRef</key>
			<string>A20C39701C9598FA00FD98FD</string>
			<key>isa</key>
			<string>PBXBuildFile</string>
		</dict>
		<key>A20C39721C9598FA00FD98FD</key>
		<dict>
			<key>children</key>
			<array>
				<string>A20C39731C9598FA00FD98FD</string>
			</array>
			<key>isa</key>
			<string>PBXVariantGroup</string>
			<key>name</key>
			<string>LaunchScreen.storyboard</string>
			<key>path</key>
			<string>.</string>
			<key>sourceTree</key>
			<string>&lt;group&gt;</string>
		</dict>
		<key>A20C39731C9598FA00FD98FD</key>
		<dict>
			<key>isa</key>
			<string>PBXFileReference</string>
			<key>lastKnownFileType</key>
			<string>file.storyboard</string>
			<key>name</key>
			<string>Base</string>
			<key>path</key>
			<string>Base.lproj/LaunchScreen.storyboard</string>
			<key>sourceTree</key>
			<string>&lt;group&gt;</string>
		</dict>
		<key>A20C39741C9598FA00FD98FD</key>
		<dict>
			<key>fileRef</key>
			<string>A20C39721C9598FA00FD98FD</string>
			<key>isa</key>
			<string>PBXBuildFile</string>
		</dict>
		<key>A20C39751C9598FA00FD98FD</key>
		<dict>
			<key>isa</key>
			<string>PBXFileReference</string>
			<key>lastKnownFileType</key>
			<string>text.plist.xml</string>
			<key>path</key>
			<string>Info.plist</string>
			<key>sourceTree</key>
			<string>&lt;group&gt;</string>
		</dict>
		<key>A20C39761C9598FA00FD98FD</key>
		<dict>
			<key>buildActionMask</key>
			<string>2147483647</string>
			<key>files</key>
			<array>
				<string>A20C397F1C9598FA00FD98FD</string>
			</array>
			<key>isa</key>
			<string>PBXSourcesBuildPhase</string>
			<key>runOnlyForDeploymentPostprocessing</key>
			<string>0</string>
		</dict>
		<key>A20C39771C9598FA00FD98FD</key>
		<dict>
			<key>buildActionMask</key>
			<string>2147483647</string>
			<key>files</key>
			<array/>
			<key>isa</key>
			<string>PBXFrameworksBuildPhase</string>
			<key>runOnlyForDeploymentPostprocessing</key>
			<string>0</string>
		</dict>
		<key>A20C39781C9598FA00FD98FD</key>
		<dict>
			<key>buildActionMask</key>
			<string>2147483647</string>
			<key>files</key>
			<array/>
			<key>isa</key>
			<string>PBXResourcesBuildPhase</string>
			<key>runOnlyForDeploymentPostprocessing</key>
			<string>0</string>
		</dict>
		<key>A20C39791C9598FA00FD98FD</key>
		<dict>
			<key>buildConfigurationList</key>
			<string>A20C39911C9598FA00FD98FD</string>
			<key>buildPhases</key>
			<array>
				<string>A20C39761C9598FA00FD98FD</string>
				<string>A20C39771C9598FA00FD98FD</string>
				<string>A20C39781C9598FA00FD98FD</string>
				<string>A20C39A11C959D9700FD98FD</string>
			</array>
			<key>buildRules</key>
			<array/>
			<key>dependencies</key>
			<array>
				<string>A20C397C1C9598FA00FD98FD</string>
			</array>
			<key>isa</key>
			<string>PBXNativeTarget</string>
			<key>name</key>
			<string>RxSwiftDemoTests</string>
			<key>productName</key>
			<string>RxSwiftDemoTests</string>
			<key>productReference</key>
			<string>A20C397A1C9598FA00FD98FD</string>
			<key>productType</key>
			<string>com.apple.product-type.bundle.unit-test</string>
		</dict>
		<key>A20C397A1C9598FA00FD98FD</key>
		<dict>
			<key>explicitFileType</key>
			<string>wrapper.cfbundle</string>
			<key>includeInIndex</key>
			<string>0</string>
			<key>isa</key>
			<string>PBXFileReference</string>
			<key>path</key>
			<string>RxSwiftDemoTests.xctest</string>
			<key>sourceTree</key>
			<string>BUILT_PRODUCTS_DIR</string>
		</dict>
		<key>A20C397B1C9598FA00FD98FD</key>
		<dict>
			<key>containerPortal</key>
			<string>A20C395E1C9598F900FD98FD</string>
			<key>isa</key>
			<string>PBXContainerItemProxy</string>
			<key>proxyType</key>
			<string>1</string>
			<key>remoteGlobalIDString</key>
			<string>A20C39651C9598F900FD98FD</string>
			<key>remoteInfo</key>
			<string>RxSwiftDemo</string>
		</dict>
		<key>A20C397C1C9598FA00FD98FD</key>
		<dict>
			<key>isa</key>
			<string>PBXTargetDependency</string>
			<key>target</key>
			<string>A20C39651C9598F900FD98FD</string>
			<key>targetProxy</key>
			<string>A20C397B1C9598FA00FD98FD</string>
		</dict>
		<key>A20C397D1C9598FA00FD98FD</key>
		<dict>
			<key>children</key>
			<array>
				<string>A20C397E1C9598FA00FD98FD</string>
				<string>A20C39801C9598FA00FD98FD</string>
			</array>
			<key>isa</key>
			<string>PBXGroup</string>
			<key>path</key>
			<string>RxSwiftDemoTests</string>
			<key>sourceTree</key>
			<string>&lt;group&gt;</string>
		</dict>
		<key>A20C397E1C9598FA00FD98FD</key>
		<dict>
			<key>isa</key>
			<string>PBXFileReference</string>
			<key>lastKnownFileType</key>
			<string>sourcecode.swift</string>
			<key>path</key>
			<string>RxSwiftDemoTests.swift</string>
			<key>sourceTree</key>
			<string>&lt;group&gt;</string>
		</dict>
		<key>A20C397F1C9598FA00FD98FD</key>
		<dict>
			<key>fileRef</key>
			<string>A20C397E1C9598FA00FD98FD</string>
			<key>isa</key>
			<string>PBXBuildFile</string>
		</dict>
		<key>A20C39801C9598FA00FD98FD</key>
		<dict>
			<key>isa</key>
			<string>PBXFileReference</string>
			<key>lastKnownFileType</key>
			<string>text.plist.xml</string>
			<key>path</key>
			<string>Info.plist</string>
			<key>sourceTree</key>
			<string>&lt;group&gt;</string>
		</dict>
		<key>A20C39811C9598FA00FD98FD</key>
		<dict>
			<key>buildActionMask</key>
			<string>2147483647</string>
			<key>files</key>
			<array>
				<string>A20C398A1C9598FA00FD98FD</string>
			</array>
			<key>isa</key>
			<string>PBXSourcesBuildPhase</string>
			<key>runOnlyForDeploymentPostprocessing</key>
			<string>0</string>
		</dict>
		<key>A20C39821C9598FA00FD98FD</key>
		<dict>
			<key>buildActionMask</key>
			<string>2147483647</string>
			<key>files</key>
			<array/>
			<key>isa</key>
			<string>PBXFrameworksBuildPhase</string>
			<key>runOnlyForDeploymentPostprocessing</key>
			<string>0</string>
		</dict>
		<key>A20C39831C9598FA00FD98FD</key>
		<dict>
			<key>buildActionMask</key>
			<string>2147483647</string>
			<key>files</key>
			<array/>
			<key>isa</key>
			<string>PBXResourcesBuildPhase</string>
			<key>runOnlyForDeploymentPostprocessing</key>
			<string>0</string>
		</dict>
		<key>A20C39841C9598FA00FD98FD</key>
		<dict>
			<key>buildConfigurationList</key>
			<string>A20C39941C9598FA00FD98FD</string>
			<key>buildPhases</key>
			<array>
				<string>A20C39811C9598FA00FD98FD</string>
				<string>A20C39821C9598FA00FD98FD</string>
				<string>A20C39831C9598FA00FD98FD</string>
			</array>
			<key>buildRules</key>
			<array/>
			<key>dependencies</key>
			<array>
				<string>A20C39871C9598FA00FD98FD</string>
			</array>
			<key>isa</key>
			<string>PBXNativeTarget</string>
			<key>name</key>
			<string>RxSwiftDemoUITests</string>
			<key>productName</key>
			<string>RxSwiftDemoUITests</string>
			<key>productReference</key>
			<string>A20C39851C9598FA00FD98FD</string>
			<key>productType</key>
			<string>com.apple.product-type.bundle.ui-testing</string>
		</dict>
		<key>A20C39851C9598FA00FD98FD</key>
		<dict>
			<key>explicitFileType</key>
			<string>wrapper.cfbundle</string>
			<key>includeInIndex</key>
			<string>0</string>
			<key>isa</key>
			<string>PBXFileReference</string>
			<key>path</key>
			<string>RxSwiftDemoUITests.xctest</string>
			<key>sourceTree</key>
			<string>BUILT_PRODUCTS_DIR</string>
		</dict>
		<key>A20C39861C9598FA00FD98FD</key>
		<dict>
			<key>containerPortal</key>
			<string>A20C395E1C9598F900FD98FD</string>
			<key>isa</key>
			<string>PBXContainerItemProxy</string>
			<key>proxyType</key>
			<string>1</string>
			<key>remoteGlobalIDString</key>
			<string>A20C39651C9598F900FD98FD</string>
			<key>remoteInfo</key>
			<string>RxSwiftDemo</string>
		</dict>
		<key>A20C39871C9598FA00FD98FD</key>
		<dict>
			<key>isa</key>
			<string>PBXTargetDependency</string>
			<key>target</key>
			<string>A20C39651C9598F900FD98FD</string>
			<key>targetProxy</key>
			<string>A20C39861C9598FA00FD98FD</string>
		</dict>
		<key>A20C39881C9598FA00FD98FD</key>
		<dict>
			<key>children</key>
			<array>
				<string>A20C39891C9598FA00FD98FD</string>
				<string>A20C398B1C9598FA00FD98FD</string>
			</array>
			<key>isa</key>
			<string>PBXGroup</string>
			<key>path</key>
			<string>RxSwiftDemoUITests</string>
			<key>sourceTree</key>
			<string>&lt;group&gt;</string>
		</dict>
		<key>A20C39891C9598FA00FD98FD</key>
		<dict>
			<key>isa</key>
			<string>PBXFileReference</string>
			<key>lastKnownFileType</key>
			<string>sourcecode.swift</string>
			<key>path</key>
			<string>RxSwiftDemoUITests.swift</string>
			<key>sourceTree</key>
			<string>&lt;group&gt;</string>
		</dict>
		<key>A20C398A1C9598FA00FD98FD</key>
		<dict>
			<key>fileRef</key>
			<string>A20C39891C9598FA00FD98FD</string>
			<key>isa</key>
			<string>PBXBuildFile</string>
		</dict>
		<key>A20C398B1C9598FA00FD98FD</key>
		<dict>
			<key>isa</key>
			<string>PBXFileReference</string>
			<key>lastKnownFileType</key>
			<string>text.plist.xml</string>
			<key>path</key>
			<string>Info.plist</string>
			<key>sourceTree</key>
			<string>&lt;group&gt;</string>
		</dict>
		<key>A20C398C1C9598FA00FD98FD</key>
		<dict>
			<key>buildSettings</key>
			<dict>
				<key>ALWAYS_SEARCH_USER_PATHS</key>
				<string>NO</string>
				<key>CLANG_CXX_LANGUAGE_STANDARD</key>
				<string>gnu++0x</string>
				<key>CLANG_CXX_LIBRARY</key>
				<string>libc++</string>
				<key>CLANG_ENABLE_MODULES</key>
				<string>YES</string>
				<key>CLANG_ENABLE_OBJC_ARC</key>
				<string>YES</string>
				<key>CLANG_WARN_BOOL_CONVERSION</key>
				<string>YES</string>
				<key>CLANG_WARN_CONSTANT_CONVERSION</key>
				<string>YES</string>
				<key>CLANG_WARN_DIRECT_OBJC_ISA_USAGE</key>
				<string>YES_ERROR</string>
				<key>CLANG_WARN_EMPTY_BODY</key>
				<string>YES</string>
				<key>CLANG_WARN_ENUM_CONVERSION</key>
				<string>YES</string>
				<key>CLANG_WARN_INT_CONVERSION</key>
				<string>YES</string>
				<key>CLANG_WARN_OBJC_ROOT_CLASS</key>
				<string>YES_ERROR</string>
				<key>CLANG_WARN_UNREACHABLE_CODE</key>
				<string>YES</string>
				<key>CLANG_WARN__DUPLICATE_METHOD_MATCH</key>
				<string>YES</string>
				<key>CODE_SIGN_IDENTITY[sdk=iphoneos*]</key>
				<string>iPhone Developer</string>
				<key>COPY_PHASE_STRIP</key>
				<string>NO</string>
				<key>DEBUG_INFORMATION_FORMAT</key>
				<string>dwarf</string>
				<key>ENABLE_STRICT_OBJC_MSGSEND</key>
				<string>YES</string>
				<key>ENABLE_TESTABILITY</key>
				<string>YES</string>
				<key>GCC_C_LANGUAGE_STANDARD</key>
				<string>gnu99</string>
				<key>GCC_DYNAMIC_NO_PIC</key>
				<string>NO</string>
				<key>GCC_NO_COMMON_BLOCKS</key>
				<string>YES</string>
				<key>GCC_OPTIMIZATION_LEVEL</key>
				<string>0</string>
				<key>GCC_PREPROCESSOR_DEFINITIONS</key>
				<array>
					<string>DEBUG=1</string>
					<string>$(inherited)</string>
				</array>
				<key>GCC_WARN_64_TO_32_BIT_CONVERSION</key>
				<string>YES</string>
				<key>GCC_WARN_ABOUT_RETURN_TYPE</key>
				<string>YES_ERROR</string>
				<key>GCC_WARN_UNDECLARED_SELECTOR</key>
				<string>YES</string>
				<key>GCC_WARN_UNINITIALIZED_AUTOS</key>
				<string>YES_AGGRESSIVE</string>
				<key>GCC_WARN_UNUSED_FUNCTION</key>
				<string>YES</string>
				<key>GCC_WARN_UNUSED_VARIABLE</key>
				<string>YES</string>
				<key>IPHONEOS_DEPLOYMENT_TARGET</key>
				<string>9.2</string>
				<key>MTL_ENABLE_DEBUG_INFO</key>
				<string>YES</string>
				<key>ONLY_ACTIVE_ARCH</key>
				<string>YES</string>
				<key>SDKROOT</key>
				<string>iphoneos</string>
				<key>SWIFT_OPTIMIZATION_LEVEL</key>
				<string>-Onone</string>
				<key>TARGETED_DEVICE_FAMILY</key>
				<string>1,2</string>
			</dict>
			<key>isa</key>
			<string>XCBuildConfiguration</string>
			<key>name</key>
			<string>Debug</string>
		</dict>
		<key>A20C398D1C9598FA00FD98FD</key>
		<dict>
			<key>buildSettings</key>
			<dict>
				<key>ALWAYS_SEARCH_USER_PATHS</key>
				<string>NO</string>
				<key>CLANG_CXX_LANGUAGE_STANDARD</key>
				<string>gnu++0x</string>
				<key>CLANG_CXX_LIBRARY</key>
				<string>libc++</string>
				<key>CLANG_ENABLE_MODULES</key>
				<string>YES</string>
				<key>CLANG_ENABLE_OBJC_ARC</key>
				<string>YES</string>
				<key>CLANG_WARN_BOOL_CONVERSION</key>
				<string>YES</string>
				<key>CLANG_WARN_CONSTANT_CONVERSION</key>
				<string>YES</string>
				<key>CLANG_WARN_DIRECT_OBJC_ISA_USAGE</key>
				<string>YES_ERROR</string>
				<key>CLANG_WARN_EMPTY_BODY</key>
				<string>YES</string>
				<key>CLANG_WARN_ENUM_CONVERSION</key>
				<string>YES</string>
				<key>CLANG_WARN_INT_CONVERSION</key>
				<string>YES</string>
				<key>CLANG_WARN_OBJC_ROOT_CLASS</key>
				<string>YES_ERROR</string>
				<key>CLANG_WARN_UNREACHABLE_CODE</key>
				<string>YES</string>
				<key>CLANG_WARN__DUPLICATE_METHOD_MATCH</key>
				<string>YES</string>
				<key>CODE_SIGN_IDENTITY[sdk=iphoneos*]</key>
				<string>iPhone Developer</string>
				<key>COPY_PHASE_STRIP</key>
				<string>NO</string>
				<key>DEBUG_INFORMATION_FORMAT</key>
				<string>dwarf-with-dsym</string>
				<key>ENABLE_NS_ASSERTIONS</key>
				<string>NO</string>
				<key>ENABLE_STRICT_OBJC_MSGSEND</key>
				<string>YES</string>
				<key>GCC_C_LANGUAGE_STANDARD</key>
				<string>gnu99</string>
				<key>GCC_NO_COMMON_BLOCKS</key>
				<string>YES</string>
				<key>GCC_WARN_64_TO_32_BIT_CONVERSION</key>
				<string>YES</string>
				<key>GCC_WARN_ABOUT_RETURN_TYPE</key>
				<string>YES_ERROR</string>
				<key>GCC_WARN_UNDECLARED_SELECTOR</key>
				<string>YES</string>
				<key>GCC_WARN_UNINITIALIZED_AUTOS</key>
				<string>YES_AGGRESSIVE</string>
				<key>GCC_WARN_UNUSED_FUNCTION</key>
				<string>YES</string>
				<key>GCC_WARN_UNUSED_VARIABLE</key>
				<string>YES</string>
				<key>IPHONEOS_DEPLOYMENT_TARGET</key>
				<string>9.2</string>
				<key>MTL_ENABLE_DEBUG_INFO</key>
				<string>NO</string>
				<key>SDKROOT</key>
				<string>iphoneos</string>
				<key>TARGETED_DEVICE_FAMILY</key>
				<string>1,2</string>
				<key>VALIDATE_PRODUCT</key>
				<string>YES</string>
			</dict>
			<key>isa</key>
			<string>XCBuildConfiguration</string>
			<key>name</key>
			<string>Release</string>
		</dict>
		<key>A20C398E1C9598FA00FD98FD</key>
		<dict>
			<key>buildConfigurations</key>
			<array>
				<string>A20C398F1C9598FA00FD98FD</string>
				<string>A20C39901C9598FA00FD98FD</string>
			</array>
			<key>defaultConfigurationIsVisible</key>
			<string>0</string>
			<key>defaultConfigurationName</key>
			<string>Release</string>
			<key>isa</key>
			<string>XCConfigurationList</string>
		</dict>
		<key>A20C398F1C9598FA00FD98FD</key>
		<dict>
			<key>buildSettings</key>
			<dict>
				<key>ASSETCATALOG_COMPILER_APPICON_NAME</key>
				<string>AppIcon</string>
				<key>CLANG_ENABLE_MODULES</key>
				<string>YES</string>
				<key>FRAMEWORK_SEARCH_PATHS</key>
				<array>
					<string>$(inherited)</string>
					<string>$(PROJECT_DIR)/Carthage/Build/iOS</string>
				</array>
				<key>INFOPLIST_FILE</key>
				<string>RxSwiftDemo/Info.plist</string>
				<key>LD_RUNPATH_SEARCH_PATHS</key>
				<string>$(inherited) @executable_path/Frameworks</string>
				<key>PRODUCT_BUNDLE_IDENTIFIER</key>
				<string>SK.RxSwiftDemo</string>
				<key>PRODUCT_NAME</key>
				<string>$(TARGET_NAME)</string>
				<key>SWIFT_OBJC_BRIDGING_HEADER</key>
				<string>RxSwiftDemo/RxSwiftDemo-Bridging-Header.h</string>
				<key>SWIFT_OPTIMIZATION_LEVEL</key>
				<string>-Onone</string>
			</dict>
			<key>isa</key>
			<string>XCBuildConfiguration</string>
			<key>name</key>
			<string>Debug</string>
		</dict>
		<key>A20C39901C9598FA00FD98FD</key>
		<dict>
			<key>buildSettings</key>
			<dict>
				<key>ASSETCATALOG_COMPILER_APPICON_NAME</key>
				<string>AppIcon</string>
				<key>CLANG_ENABLE_MODULES</key>
				<string>YES</string>
				<key>FRAMEWORK_SEARCH_PATHS</key>
				<array>
					<string>$(inherited)</string>
					<string>$(PROJECT_DIR)/Carthage/Build/iOS</string>
				</array>
				<key>INFOPLIST_FILE</key>
				<string>RxSwiftDemo/Info.plist</string>
				<key>LD_RUNPATH_SEARCH_PATHS</key>
				<string>$(inherited) @executable_path/Frameworks</string>
				<key>PRODUCT_BUNDLE_IDENTIFIER</key>
				<string>SK.RxSwiftDemo</string>
				<key>PRODUCT_NAME</key>
				<string>$(TARGET_NAME)</string>
				<key>SWIFT_OBJC_BRIDGING_HEADER</key>
				<string>RxSwiftDemo/RxSwiftDemo-Bridging-Header.h</string>
			</dict>
			<key>isa</key>
			<string>XCBuildConfiguration</string>
			<key>name</key>
			<string>Release</string>
		</dict>
		<key>A20C39911C9598FA00FD98FD</key>
		<dict>
			<key>buildConfigurations</key>
			<array>
				<string>A20C39921C9598FA00FD98FD</string>
				<string>A20C39931C9598FA00FD98FD</string>
			</array>
			<key>defaultConfigurationIsVisible</key>
			<string>0</string>
			<key>defaultConfigurationName</key>
			<string>Release</string>
			<key>isa</key>
			<string>XCConfigurationList</string>
		</dict>
		<key>A20C39921C9598FA00FD98FD</key>
		<dict>
			<key>buildSettings</key>
			<dict>
				<key>BUNDLE_LOADER</key>
				<string>$(TEST_HOST)</string>
				<key>INFOPLIST_FILE</key>
				<string>RxSwiftDemoTests/Info.plist</string>
				<key>LD_RUNPATH_SEARCH_PATHS</key>
				<string>$(inherited) @executable_path/Frameworks @loader_path/Frameworks</string>
				<key>PRODUCT_BUNDLE_IDENTIFIER</key>
				<string>SK.RxSwiftDemoTests</string>
				<key>PRODUCT_NAME</key>
				<string>$(TARGET_NAME)</string>
				<key>TEST_HOST</key>
				<string>$(BUILT_PRODUCTS_DIR)/RxSwiftDemo.app/RxSwiftDemo</string>
			</dict>
			<key>isa</key>
			<string>XCBuildConfiguration</string>
			<key>name</key>
			<string>Debug</string>
		</dict>
		<key>A20C39931C9598FA00FD98FD</key>
		<dict>
			<key>buildSettings</key>
			<dict>
				<key>BUNDLE_LOADER</key>
				<string>$(TEST_HOST)</string>
				<key>INFOPLIST_FILE</key>
				<string>RxSwiftDemoTests/Info.plist</string>
				<key>LD_RUNPATH_SEARCH_PATHS</key>
				<string>$(inherited) @executable_path/Frameworks @loader_path/Frameworks</string>
				<key>PRODUCT_BUNDLE_IDENTIFIER</key>
				<string>SK.RxSwiftDemoTests</string>
				<key>PRODUCT_NAME</key>
				<string>$(TARGET_NAME)</string>
				<key>TEST_HOST</key>
				<string>$(BUILT_PRODUCTS_DIR)/RxSwiftDemo.app/RxSwiftDemo</string>
			</dict>
			<key>isa</key>
			<string>XCBuildConfiguration</string>
			<key>name</key>
			<string>Release</string>
		</dict>
		<key>A20C39941C9598FA00FD98FD</key>
		<dict>
			<key>buildConfigurations</key>
			<array>
				<string>A20C39951C9598FA00FD98FD</string>
				<string>A20C39961C9598FA00FD98FD</string>
			</array>
			<key>defaultConfigurationIsVisible</key>
			<string>0</string>
			<key>defaultConfigurationName</key>
			<string>Release</string>
			<key>isa</key>
			<string>XCConfigurationList</string>
		</dict>
		<key>A20C39951C9598FA00FD98FD</key>
		<dict>
			<key>buildSettings</key>
			<dict>
				<key>INFOPLIST_FILE</key>
				<string>RxSwiftDemoUITests/Info.plist</string>
				<key>LD_RUNPATH_SEARCH_PATHS</key>
				<string>$(inherited) @executable_path/Frameworks @loader_path/Frameworks</string>
				<key>PRODUCT_BUNDLE_IDENTIFIER</key>
				<string>SK.RxSwiftDemoUITests</string>
				<key>PRODUCT_NAME</key>
				<string>$(TARGET_NAME)</string>
				<key>TEST_TARGET_NAME</key>
				<string>RxSwiftDemo</string>
				<key>USES_XCTRUNNER</key>
				<string>YES</string>
			</dict>
			<key>isa</key>
			<string>XCBuildConfiguration</string>
			<key>name</key>
			<string>Debug</string>
		</dict>
		<key>A20C39961C9598FA00FD98FD</key>
		<dict>
			<key>buildSettings</key>
			<dict>
				<key>INFOPLIST_FILE</key>
				<string>RxSwiftDemoUITests/Info.plist</string>
				<key>LD_RUNPATH_SEARCH_PATHS</key>
				<string>$(inherited) @executable_path/Frameworks @loader_path/Frameworks</string>
				<key>PRODUCT_BUNDLE_IDENTIFIER</key>
				<string>SK.RxSwiftDemoUITests</string>
				<key>PRODUCT_NAME</key>
				<string>$(TARGET_NAME)</string>
				<key>TEST_TARGET_NAME</key>
				<string>RxSwiftDemo</string>
				<key>USES_XCTRUNNER</key>
				<string>YES</string>
			</dict>
			<key>isa</key>
			<string>XCBuildConfiguration</string>
			<key>name</key>
			<string>Release</string>
		</dict>
		<key>A20C39981C959C5500FD98FD</key>
		<dict>
			<key>isa</key>
			<string>PBXFileReference</string>
			<key>lastKnownFileType</key>
			<string>wrapper.framework</string>
			<key>name</key>
			<string>RxBlocking.framework</string>
			<key>path</key>
			<string>Carthage/Build/iOS/RxBlocking.framework</string>
			<key>sourceTree</key>
			<string>&lt;group&gt;</string>
		</dict>
		<key>A20C39991C959C5500FD98FD</key>
		<dict>
			<key>isa</key>
			<string>PBXFileReference</string>
			<key>lastKnownFileType</key>
			<string>wrapper.framework</string>
			<key>name</key>
			<string>RxCocoa.framework</string>
			<key>path</key>
			<string>Carthage/Build/iOS/RxCocoa.framework</string>
			<key>sourceTree</key>
			<string>&lt;group&gt;</string>
		</dict>
		<key>A20C399A1C959C5500FD98FD</key>
		<dict>
			<key>isa</key>
			<string>PBXFileReference</string>
			<key>lastKnownFileType</key>
			<string>wrapper.framework</string>
			<key>name</key>
			<string>RxSwift.framework</string>
			<key>path</key>
			<string>Carthage/Build/iOS/RxSwift.framework</string>
			<key>sourceTree</key>
			<string>&lt;group&gt;</string>
		</dict>
		<key>A20C399C1C959C5500FD98FD</key>
		<dict>
			<key>fileRef</key>
			<string>A20C39981C959C5500FD98FD</string>
			<key>isa</key>
			<string>PBXBuildFile</string>
		</dict>
		<key>A20C399D1C959C5500FD98FD</key>
		<dict>
			<key>fileRef</key>
			<string>A20C39991C959C5500FD98FD</string>
			<key>isa</key>
			<string>PBXBuildFile</string>
		</dict>
		<key>A20C399E1C959C5500FD98FD</key>
		<dict>
			<key>fileRef</key>
			<string>A20C399A1C959C5500FD98FD</string>
			<key>isa</key>
			<string>PBXBuildFile</string>
		</dict>
		<key>A20C39A01C959CFB00FD98FD</key>
		<dict>
			<key>buildActionMask</key>
			<string>2147483647</string>
			<key>files</key>
			<array/>
			<key>inputPaths</key>
			<array>
				<string>$(SRCROOT)/Carthage/Build/iOS/RxBlocking.framework</string>
				<string>$(SRCROOT)/Carthage/Build/iOS/RxCocoa.framework</string>
				<string>$(SRCROOT)/Carthage/Build/iOS/RxSwift.framework</string>
				<string>$(SRCROOT)/Carthage/Build/iOS/APIKit.framework</string>
				<string>$(SRCROOT)/Carthage/Build/iOS/Himotoki.framework</string>
				<string>$(SRCROOT)/Carthage/Build/iOS/Result.framework</string>
				<string>$(SRCROOT)/Carthage/Build/iOS/MBProgressHUD.framework</string>
			</array>
			<key>isa</key>
			<string>PBXShellScriptBuildPhase</string>
			<key>outputPaths</key>
			<array/>
			<key>runOnlyForDeploymentPostprocessing</key>
			<string>0</string>
			<key>shellPath</key>
			<string>/bin/sh</string>
			<key>shellScript</key>
			<string>/usr/local/bin/carthage copy-frameworks</string>
		</dict>
		<key>A20C39A11C959D9700FD98FD</key>
		<dict>
			<key>buildActionMask</key>
			<string>2147483647</string>
			<key>files</key>
			<array/>
			<key>inputPaths</key>
			<array/>
			<key>isa</key>
			<string>PBXShellScriptBuildPhase</string>
			<key>outputPaths</key>
			<array/>
			<key>runOnlyForDeploymentPostprocessing</key>
			<string>0</string>
			<key>shellPath</key>
			<string>/bin/sh</string>
			<key>shellScript</key>
			<string></string>
		</dict>
		<key>A2115EAC1CAFC46C009B89A1</key>
		<dict>
			<key>fileEncoding</key>
			<string>4</string>
			<key>isa</key>
			<string>PBXFileReference</string>
			<key>lastKnownFileType</key>
			<string>sourcecode.swift</string>
			<key>path</key>
			<string>ResultViewController.swift</string>
			<key>sourceTree</key>
			<string>&lt;group&gt;</string>
		</dict>
		<key>A2115EAD1CAFC46C009B89A1</key>
		<dict>
			<key>fileRef</key>
			<string>A2115EAC1CAFC46C009B89A1</string>
			<key>isa</key>
			<string>PBXBuildFile</string>
		</dict>
		<key>A2115EAE1CAFC7F0009B89A1</key>
		<dict>
			<key>fileEncoding</key>
			<string>4</string>
			<key>isa</key>
			<string>PBXFileReference</string>
			<key>lastKnownFileType</key>
			<string>sourcecode.swift</string>
			<key>path</key>
			<string>ResultViewModel.swift</string>
			<key>sourceTree</key>
			<string>&lt;group&gt;</string>
		</dict>
		<key>A2115EAF1CAFC7F0009B89A1</key>
		<dict>
			<key>fileRef</key>
			<string>A2115EAE1CAFC7F0009B89A1</string>
			<key>isa</key>
			<string>PBXBuildFile</string>
		</dict>
		<key>A2115EB01CAFDF06009B89A1</key>
		<dict>
			<key>isa</key>
			<string>PBXFileReference</string>
			<key>lastKnownFileType</key>
			<string>wrapper.framework</string>
			<key>name</key>
			<string>MBProgressHUD.framework</string>
			<key>path</key>
			<string>Carthage/Build/iOS/MBProgressHUD.framework</string>
			<key>sourceTree</key>
			<string>&lt;group&gt;</string>
		</dict>
		<key>A2115EB11CAFDF06009B89A1</key>
		<dict>
			<key>fileRef</key>
			<string>A2115EB01CAFDF06009B89A1</string>
			<key>isa</key>
			<string>PBXBuildFile</string>
		</dict>
		<key>A2115EB21CAFDF67009B89A1</key>
		<dict>
			<key>isa</key>
			<string>PBXFileReference</string>
			<key>lastKnownFileType</key>
			<string>sourcecode.c.h</string>
			<key>path</key>
			<string>RxSwiftDemo-Bridging-Header.h</string>
			<key>sourceTree</key>
			<string>&lt;group&gt;</string>
		</dict>
		<key>A28A302F1CB0C39D00C8E1B0</key>
		<dict>
			<key>children</key>
			<array>
				<string>A2DFCCBB1CAB71D100CFD814</string>
			</array>
			<key>isa</key>
			<string>PBXGroup</string>
			<key>name</key>
			<string>Extension</string>
			<key>path</key>
			<string>Extension</string>
			<key>sourceTree</key>
			<string>&lt;group&gt;</string>
		</dict>
		<key>A2DFCCA61CAA537000CFD814</key>
		<dict>
			<key>fileEncoding</key>
			<string>4</string>
			<key>isa</key>
			<string>PBXFileReference</string>
			<key>lastKnownFileType</key>
			<string>sourcecode.swift</string>
			<key>path</key>
			<string>GitHubAPI.swift</string>
			<key>sourceTree</key>
			<string>&lt;group&gt;</string>
		</dict>
		<key>A2DFCCA71CAA537000CFD814</key>
		<dict>
			<key>fileRef</key>
			<string>A2DFCCA61CAA537000CFD814</string>
			<key>isa</key>
			<string>PBXBuildFile</string>
		</dict>
		<key>A2DFCCA81CAA53E800CFD814</key>
		<dict>
			<key>children</key>
			<array>
				<string>A2DFCCA61CAA537000CFD814</string>
				<string>A2DFCCAB1CAA550200CFD814</string>
			</array>
			<key>isa</key>
			<string>PBXGroup</string>
			<key>name</key>
			<string>Request</string>
			<key>path</key>
			<string>Request</string>
			<key>sourceTree</key>
			<string>&lt;group&gt;</string>
		</dict>
		<key>A2DFCCA91CAA53F900CFD814</key>
		<dict>
			<key>children</key>
			<array>
				<string>A20C396B1C9598F900FD98FD</string>
				<string>A2115EAC1CAFC46C009B89A1</string>
			</array>
			<key>isa</key>
			<string>PBXGroup</string>
			<key>name</key>
			<string>View</string>
			<key>path</key>
			<string>View</string>
			<key>sourceTree</key>
			<string>&lt;group&gt;</string>
		</dict>
		<key>A2DFCCAA1CAA541100CFD814</key>
		<dict>
			<key>children</key>
			<array>
				<string>A2115EB01CAFDF06009B89A1</string>
				<string>A2DFCCAD1CAA599000CFD814</string>
				<string>A2DFCCAE1CAA599000CFD814</string>
				<string>A2DFCCAF1CAA599000CFD814</string>
				<string>A20C39981C959C5500FD98FD</string>
				<string>A20C39991C959C5500FD98FD</string>
				<string>A20C399A1C959C5500FD98FD</string>
			</array>
			<key>isa</key>
			<string>PBXGroup</string>
			<key>name</key>
			<string>Frameworks</string>
			<key>sourceTree</key>
			<string>&lt;group&gt;</string>
		</dict>
		<key>A2DFCCAB1CAA550200CFD814</key>
		<dict>
			<key>fileEncoding</key>
			<string>4</string>
			<key>isa</key>
			<string>PBXFileReference</string>
			<key>lastKnownFileType</key>
			<string>sourcecode.swift</string>
			<key>path</key>
			<string>SearchRepositoriesRequest.swift</string>
			<key>sourceTree</key>
			<string>&lt;group&gt;</string>
		</dict>
		<key>A2DFCCAC1CAA550200CFD814</key>
		<dict>
			<key>fileRef</key>
			<string>A2DFCCAB1CAA550200CFD814</string>
			<key>isa</key>
			<string>PBXBuildFile</string>
		</dict>
		<key>A2DFCCAD1CAA599000CFD814</key>
		<dict>
			<key>isa</key>
			<string>PBXFileReference</string>
			<key>lastKnownFileType</key>
			<string>wrapper.framework</string>
			<key>name</key>
			<string>APIKit.framework</string>
			<key>path</key>
			<string>Carthage/Build/iOS/APIKit.framework</string>
			<key>sourceTree</key>
			<string>&lt;group&gt;</string>
		</dict>
		<key>A2DFCCAE1CAA599000CFD814</key>
		<dict>
			<key>isa</key>
			<string>PBXFileReference</string>
			<key>lastKnownFileType</key>
			<string>wrapper.framework</string>
			<key>name</key>
			<string>Himotoki.framework</string>
			<key>path</key>
			<string>Carthage/Build/iOS/Himotoki.framework</string>
			<key>sourceTree</key>
			<string>&lt;group&gt;</string>
		</dict>
		<key>A2DFCCAF1CAA599000CFD814</key>
		<dict>
			<key>isa</key>
			<string>PBXFileReference</string>
			<key>lastKnownFileType</key>
			<string>wrapper.framework</string>
			<key>name</key>
			<string>Result.framework</string>
			<key>path</key>
			<string>Carthage/Build/iOS/Result.framework</string>
			<key>sourceTree</key>
			<string>&lt;group&gt;</string>
		</dict>
		<key>A2DFCCB01CAA599000CFD814</key>
		<dict>
			<key>fileRef</key>
			<string>A2DFCCAD1CAA599000CFD814</string>
			<key>isa</key>
			<string>PBXBuildFile</string>
		</dict>
		<key>A2DFCCB11CAA599000CFD814</key>
		<dict>
			<key>fileRef</key>
			<string>A2DFCCAE1CAA599000CFD814</string>
			<key>isa</key>
			<string>PBXBuildFile</string>
		</dict>
		<key>A2DFCCB21CAA599000CFD814</key>
		<dict>
			<key>fileRef</key>
			<string>A2DFCCAF1CAA599000CFD814</string>
			<key>isa</key>
			<string>PBXBuildFile</string>
		</dict>
		<key>A2DFCCB31CAA5B0A00CFD814</key>
		<dict>
			<key>fileEncoding</key>
			<string>4</string>
			<key>isa</key>
			<string>PBXFileReference</string>
			<key>lastKnownFileType</key>
			<string>sourcecode.swift</string>
			<key>path</key>
			<string>SearchRepositoryResult.swift</string>
			<key>sourceTree</key>
			<string>&lt;group&gt;</string>
		</dict>
		<key>A2DFCCB41CAA5B0A00CFD814</key>
		<dict>
			<key>fileRef</key>
			<string>A2DFCCB31CAA5B0A00CFD814</string>
			<key>isa</key>
			<string>PBXBuildFile</string>
		</dict>
		<key>A2DFCCB51CAA5B1200CFD814</key>
		<dict>
			<key>children</key>
			<array>
				<string>A2DFCCB31CAA5B0A00CFD814</string>
				<string>A2DFCCB61CAA5B8200CFD814</string>
			</array>
			<key>isa</key>
			<string>PBXGroup</string>
			<key>name</key>
			<string>Model</string>
			<key>path</key>
			<string>Model</string>
			<key>sourceTree</key>
			<string>&lt;group&gt;</string>
		</dict>
		<key>A2DFCCB61CAA5B8200CFD814</key>
		<dict>
			<key>fileEncoding</key>
			<string>4</string>
			<key>isa</key>
			<string>PBXFileReference</string>
			<key>lastKnownFileType</key>
			<string>sourcecode.swift</string>
			<key>path</key>
			<string>Repository.swift</string>
			<key>sourceTree</key>
			<string>&lt;group&gt;</string>
		</dict>
		<key>A2DFCCB71CAA5B8200CFD814</key>
		<dict>
			<key>fileRef</key>
			<string>A2DFCCB61CAA5B8200CFD814</string>
			<key>isa</key>
			<string>PBXBuildFile</string>
		</dict>
		<key>A2DFCCB81CAA5E5D00CFD814</key>
		<dict>
			<key>fileEncoding</key>
			<string>4</string>
			<key>isa</key>
			<string>PBXFileReference</string>
			<key>lastKnownFileType</key>
			<string>sourcecode.swift</string>
			<key>path</key>
			<string>SearchViewModel.swift</string>
			<key>sourceTree</key>
			<string>&lt;group&gt;</string>
		</dict>
		<key>A2DFCCB91CAA5E5D00CFD814</key>
		<dict>
			<key>fileRef</key>
			<string>A2DFCCB81CAA5E5D00CFD814</string>
			<key>isa</key>
			<string>PBXBuildFile</string>
		</dict>
		<key>A2DFCCBA1CAA5E6000CFD814</key>
		<dict>
			<key>children</key>
			<array>
				<string>A2DFCCB81CAA5E5D00CFD814</string>
				<string>A2115EAE1CAFC7F0009B89A1</string>
			</array>
			<key>isa</key>
			<string>PBXGroup</string>
			<key>name</key>
			<string>ViewModel</string>
			<key>path</key>
			<string>ViewModel</string>
			<key>sourceTree</key>
			<string>&lt;group&gt;</string>
		</dict>
		<key>A2DFCCBB1CAB71D100CFD814</key>
		<dict>
			<key>fileEncoding</key>
			<string>4</string>
			<key>isa</key>
			<string>PBXFileReference</string>
			<key>lastKnownFileType</key>
			<string>sourcecode.swift</string>
			<key>path</key>
			<string>Session+Rx.swift</string>
			<key>sourceTree</key>
			<string>&lt;group&gt;</string>
		</dict>
		<key>A2DFCCBC1CAB71D100CFD814</key>
		<dict>
			<key>fileRef</key>
			<string>A2DFCCBB1CAB71D100CFD814</string>
			<key>isa</key>
			<string>PBXBuildFile</string>
		</dict>
	</dict>
	<key>rootObject</key>
	<string>A20C395E1C9598F900FD98FD</string>
</dict>
</plist>
